
Microsoft Visual Studio Solution File, Format Version 12.00
# Visual Studio Version 16
VisualStudioVersion = 16.0.29201.188
MinimumVisualStudioVersion = 10.0.40219.1
Project("{6EC3EE1D-3C4E-46DD-8F32-0CC8E7565705}") = "MyLazy", "MyLazy\MyLazy.fsproj", "{37BB1D79-88E7-4C6E-B235-F66BFB370D99}"
EndProject
Project("{F2A71F9B-5D33-465A-A702-920D77279786}") = "MyLazy.Tests", "MyLazy.Tests\MyLazy.Tests.fsproj", "{7E9DEA67-0063-43AF-8EF4-9586EB912223}"
EndProject
Global
	GlobalSection(SolutionConfigurationPlatforms) = preSolution
		Debug|Any CPU = Debug|Any CPU
		Release|Any CPU = Release|Any CPU
	EndGlobalSection
	GlobalSection(ProjectConfigurationPlatforms) = postSolution
		{37BB1D79-88E7-4C6E-B235-F66BFB370D99}.Debug|Any CPU.ActiveCfg = Debug|Any CPU
		{37BB1D79-88E7-4C6E-B235-F66BFB370D99}.Debug|Any CPU.Build.0 = Debug|Any CPU
		{37BB1D79-88E7-4C6E-B235-F66BFB370D99}.Release|Any CPU.ActiveCfg = Release|Any CPU
		{37BB1D79-88E7-4C6E-B235-F66BFB370D99}.Release|Any CPU.Build.0 = Release|Any CPU
		{7E9DEA67-0063-43AF-8EF4-9586EB912223}.Debug|Any CPU.ActiveCfg = Debug|Any CPU
		{7E9DEA67-0063-43AF-8EF4-9586EB912223}.Debug|Any CPU.Build.0 = Debug|Any CPU
		{7E9DEA67-0063-43AF-8EF4-9586EB912223}.Release|Any CPU.ActiveCfg = Release|Any CPU
		{7E9DEA67-0063-43AF-8EF4-9586EB912223}.Release|Any CPU.Build.0 = Release|Any CPU
	EndGlobalSection
	GlobalSection(SolutionProperties) = preSolution
		HideSolutionNode = FALSE
	EndGlobalSection
	GlobalSection(ExtensibilityGlobals) = postSolution
		SolutionGuid = {28C2088F-DF91-4257-A814-66FDBFAB9E6F}
	EndGlobalSection
EndGlobal
