
Microsoft Visual Studio Solution File, Format Version 12.00
# Visual Studio 15
VisualStudioVersion = 15.0.28307.489
MinimumVisualStudioVersion = 10.0.40219.1
Project("{F2A71F9B-5D33-465A-A702-920D77279786}") = "HW2", "HW2.fsproj", "{F10CD4C1-DE07-4A16-8057-E976A6C584FF}"
EndProject
Global
	GlobalSection(SolutionConfigurationPlatforms) = preSolution
		Debug|Any CPU = Debug|Any CPU
		Release|Any CPU = Release|Any CPU
	EndGlobalSection
	GlobalSection(ProjectConfigurationPlatforms) = postSolution
		{F10CD4C1-DE07-4A16-8057-E976A6C584FF}.Debug|Any CPU.ActiveCfg = Debug|Any CPU
		{F10CD4C1-DE07-4A16-8057-E976A6C584FF}.Debug|Any CPU.Build.0 = Debug|Any CPU
		{F10CD4C1-DE07-4A16-8057-E976A6C584FF}.Release|Any CPU.ActiveCfg = Release|Any CPU
		{F10CD4C1-DE07-4A16-8057-E976A6C584FF}.Release|Any CPU.Build.0 = Release|Any CPU
	EndGlobalSection
	GlobalSection(SolutionProperties) = preSolution
		HideSolutionNode = FALSE
	EndGlobalSection
	GlobalSection(ExtensibilityGlobals) = postSolution
		SolutionGuid = {154F961E-0A5E-4606-9BE4-214AE482C97A}
	EndGlobalSection
EndGlobal
